
Microsoft Visual Studio Solution File, Format Version 12.00
# RemObjects Fire
Project("{656346d9-4656-40da-a068-22d5425d4639}") = "D64", "D64.elements", "{69ca011e-36d7-4f6c-96f0-b05bdf66a11f}"
EndProject
Project("{656346d9-4656-40da-a068-22d5425d4639}") = "D64Browser", "D64Browser\D64Browser.elements", "{81882b9c-c570-410a-96a3-6edcd3fef1f8}"
EndProject
Project("{656346d9-4656-40da-a068-22d5425d4639}") = "D64QuickLook", "D64QuickLook\D64QuickLook.elements", "{0cb3614d-2614-4684-970a-d1f05bdf1082}"
EndProject
Global
	GlobalSection(SolutionConfigurationPlatforms) = preSolution
		Debug|AnyCPU = Debug|AnyCPU
		Release|AnyCPU = Release|AnyCPU
	EndGlobalSection
	GlobalSection(ProjectConfigurationPlatforms) = postSolution
		{69ca011e-36d7-4f6c-96f0-b05bdf66a11f}.Debug|AnyCPU.ActiveCfg = Debug|AnyCPU
		{69ca011e-36d7-4f6c-96f0-b05bdf66a11f}.Debug|AnyCPU.Build.0 = Debug|AnyCPU
		{69ca011e-36d7-4f6c-96f0-b05bdf66a11f}.Release|AnyCPU.ActiveCfg = Release|AnyCPU
		{69ca011e-36d7-4f6c-96f0-b05bdf66a11f}.Release|AnyCPU.Build.0 = Release|AnyCPU
		{81882b9c-c570-410a-96a3-6edcd3fef1f8}.Debug|AnyCPU.ActiveCfg = Debug|AnyCPU
		{81882b9c-c570-410a-96a3-6edcd3fef1f8}.Debug|AnyCPU.Build.0 = Debug|AnyCPU
		{81882b9c-c570-410a-96a3-6edcd3fef1f8}.Release|AnyCPU.ActiveCfg = Release|AnyCPU
		{81882b9c-c570-410a-96a3-6edcd3fef1f8}.Release|AnyCPU.Build.0 = Release|AnyCPU
		{0cb3614d-2614-4684-970a-d1f05bdf1082}.Debug|AnyCPU.ActiveCfg = Debug|AnyCPU
		{0cb3614d-2614-4684-970a-d1f05bdf1082}.Debug|AnyCPU.Build.0 = Debug|AnyCPU
		{0cb3614d-2614-4684-970a-d1f05bdf1082}.Release|AnyCPU.ActiveCfg = Release|AnyCPU
		{0cb3614d-2614-4684-970a-d1f05bdf1082}.Release|AnyCPU.Build.0 = Release|AnyCPU
	EndGlobalSection
	GlobalSection(SolutionProperties) = preSolution
		HideSolutionNode = FALSE
	EndGlobalSection
EndGlobal